// !$*UTF8*$!
{
	archiveVersion = 1;
	classes = {
	};
	objectVersion = 77;
	objects = {

/* Begin PBXBuildFile section */
		3F4F68DE2E9F735000876204 /* greatUser.swift in Sources */ = {isa = PBXBuildFile; fileRef = 3F4F68DD2E9F732C00876204 /* greatUser.swift */; };
		3F4F68E02E9F740000876204 /* addTwoNumbers.swift in Sources */ = {isa = PBXBuildFile; fileRef = 3F4F68DF2E9F73F600876204 /* addTwoNumbers.swift */; };
		3F4F68E32E9F76A900876204 /* calculatearea.swift in Sources */ = {isa = PBXBuildFile; fileRef = 3F4F68E22E9F768800876204 /* calculatearea.swift */; };
		3F4F68E52E9F7A0400876204 /* swap.swift in Sources */ = {isa = PBXBuildFile; fileRef = 3F4F68E42E9F79FE00876204 /* swap.swift */; };
		3F4F68E72E9F7EA000876204 /* minMax.swift in Sources */ = {isa = PBXBuildFile; fileRef = 3F4F68E62E9F7E9700876204 /* minMax.swift */; };
		3F4F68E92E9F879000876204 /* sumOfArrayElements.swift in Sources */ = {isa = PBXBuildFile; fileRef = 3F4F68E82E9F877D00876204 /* sumOfArrayElements.swift */; };
		3F4F68EB2E9F9B7D00876204 /* factorial.swift in Sources */ = {isa = PBXBuildFile; fileRef = 3F4F68EA2E9F9B6F00876204 /* factorial.swift */; };
/* End PBXBuildFile section */

/* Begin PBXCopyFilesBuildPhase section */
		3F4F68D12E9F722D00876204 /* CopyFiles */ = {
			isa = PBXCopyFilesBuildPhase;
			buildActionMask = 2147483647;
			dstPath = /usr/share/man/man1/;
			dstSubfolderSpec = 0;
			files = (
			);
			runOnlyForDeploymentPostprocessing = 1;
		};
/* End PBXCopyFilesBuildPhase section */

/* Begin PBXFileReference section */
		3F4F68D32E9F722D00876204 /* swift Learning */ = {isa = PBXFileReference; explicitFileType = "compiled.mach-o.executable"; includeInIndex = 0; path = "swift Learning"; sourceTree = BUILT_PRODUCTS_DIR; };
		3F4F68DD2E9F732C00876204 /* greatUser.swift */ = {isa = PBXFileReference; lastKnownFileType = sourcecode.swift; path = greatUser.swift; sourceTree = "<group>"; };
		3F4F68DF2E9F73F600876204 /* addTwoNumbers.swift */ = {isa = PBXFileReference; lastKnownFileType = sourcecode.swift; path = addTwoNumbers.swift; sourceTree = "<group>"; };
		3F4F68E22E9F768800876204 /* calculatearea.swift */ = {isa = PBXFileReference; lastKnownFileType = sourcecode.swift; path = calculatearea.swift; sourceTree = "<group>"; };
		3F4F68E42E9F79FE00876204 /* swap.swift */ = {isa = PBXFileReference; lastKnownFileType = sourcecode.swift; path = swap.swift; sourceTree = "<group>"; };
		3F4F68E62E9F7E9700876204 /* minMax.swift */ = {isa = PBXFileReference; lastKnownFileType = sourcecode.swift; path = minMax.swift; sourceTree = "<group>"; };
		3F4F68E82E9F877D00876204 /* sumOfArrayElements.swift */ = {isa = PBXFileReference; lastKnownFileType = sourcecode.swift; path = sumOfArrayElements.swift; sourceTree = "<group>"; };
		3F4F68EA2E9F9B6F00876204 /* factorial.swift */ = {isa = PBXFileReference; lastKnownFileType = sourcecode.swift; path = factorial.swift; sourceTree = "<group>"; };
/* End PBXFileReference section */

/* Begin PBXFileSystemSynchronizedRootGroup section */
		3F4F68D52E9F722D00876204 /* swift Learning */ = {
			isa = PBXFileSystemSynchronizedRootGroup;
			path = "swift Learning";
			sourceTree = "<group>";
		};
/* End PBXFileSystemSynchronizedRootGroup section */

/* Begin PBXFrameworksBuildPhase section */
		3F4F68D02E9F722D00876204 /* Frameworks */ = {
			isa = PBXFrameworksBuildPhase;
			buildActionMask = 2147483647;
			files = (
			);
			runOnlyForDeploymentPostprocessing = 0;
		};
/* End PBXFrameworksBuildPhase section */

/* Begin PBXGroup section */
		3F4F68CA2E9F722D00876204 = {
			isa = PBXGroup;
			children = (
				3F4F68EA2E9F9B6F00876204 /* factorial.swift */,
				3F4F68E82E9F877D00876204 /* sumOfArrayElements.swift */,
				3F4F68E62E9F7E9700876204 /* minMax.swift */,
				3F4F68E42E9F79FE00876204 /* swap.swift */,
				3F4F68E22E9F768800876204 /* calculatearea.swift */,
				3F4F68DF2E9F73F600876204 /* addTwoNumbers.swift */,
				3F4F68DD2E9F732C00876204 /* greatUser.swift */,
				3F4F68D52E9F722D00876204 /* swift Learning */,
				3F4F68D42E9F722D00876204 /* Products */,
			);
			sourceTree = "<group>";
		};
		3F4F68D42E9F722D00876204 /* Products */ = {
			isa = PBXGroup;
			children = (
				3F4F68D32E9F722D00876204 /* swift Learning */,
			);
			name = Products;
			sourceTree = "<group>";
		};
/* End PBXGroup section */

/* Begin PBXNativeTarget section */
		3F4F68D22E9F722D00876204 /* swift Learning */ = {
			isa = PBXNativeTarget;
			buildConfigurationList = 3F4F68DA2E9F722D00876204 /* Build configuration list for PBXNativeTarget "swift Learning" */;
			buildPhases = (
				3F4F68CF2E9F722D00876204 /* Sources */,
				3F4F68D02E9F722D00876204 /* Frameworks */,
				3F4F68D12E9F722D00876204 /* CopyFiles */,
			);
			buildRules = (
			);
			dependencies = (
			);
			fileSystemSynchronizedGroups = (
				3F4F68D52E9F722D00876204 /* swift Learning */,
			);
			name = "swift Learning";
			packageProductDependencies = (
			);
			productName = "swift Learning";
			productReference = 3F4F68D32E9F722D00876204 /* swift Learning */;
			productType = "com.apple.product-type.tool";
		};
/* End PBXNativeTarget section */

/* Begin PBXProject section */
		3F4F68CB2E9F722D00876204 /* Project object */ = {
			isa = PBXProject;
			attributes = {
				BuildIndependentTargetsInParallel = 1;
				LastSwiftUpdateCheck = 1630;
				LastUpgradeCheck = 1630;
				TargetAttributes = {
					3F4F68D22E9F722D00876204 = {
						CreatedOnToolsVersion = 16.3;
					};
				};
			};
			buildConfigurationList = 3F4F68CE2E9F722D00876204 /* Build configuration list for PBXProject "swift Learning" */;
			developmentRegion = en;
			hasScannedForEncodings = 0;
			knownRegions = (
				en,
				Base,
			);
			mainGroup = 3F4F68CA2E9F722D00876204;
			minimizedProjectReferenceProxies = 1;
			preferredProjectObjectVersion = 77;
			productRefGroup = 3F4F68D42E9F722D00876204 /* Products */;
			projectDirPath = "";
			projectRoot = "";
			targets = (
				3F4F68D22E9F722D00876204 /* swift Learning */,
			);
		};
/* End PBXProject section */

/* Begin PBXSourcesBuildPhase section */
		3F4F68CF2E9F722D00876204 /* Sources */ = {
			isa = PBXSourcesBuildPhase;
			buildActionMask = 2147483647;
			files = (
				3F4F68E52E9F7A0400876204 /* swap.swift in Sources */,
				3F4F68DE2E9F735000876204 /* greatUser.swift in Sources */,
				3F4F68E92E9F879000876204 /* sumOfArrayElements.swift in Sources */,
				3F4F68E32E9F76A900876204 /* calculatearea.swift in Sources */,
				3F4F68E02E9F740000876204 /* addTwoNumbers.swift in Sources */,
				3F4F68E72E9F7EA000876204 /* minMax.swift in Sources */,
				3F4F68EB2E9F9B7D00876204 /* factorial.swift in Sources */,
			);
			runOnlyForDeploymentPostprocessing = 0;
		};
/* End PBXSourcesBuildPhase section */

/* Begin XCBuildConfiguration section */
		3F4F68D82E9F722D00876204 /* Debug */ = {
			isa = XCBuildConfiguration;
			buildSettings = {
				ALWAYS_SEARCH_USER_PATHS = NO;
				ASSETCATALOG_COMPILER_GENERATE_SWIFT_ASSET_SYMBOL_EXTENSIONS = YES;
				CLANG_ANALYZER_NONNULL = YES;
				CLANG_ANALYZER_NUMBER_OBJECT_CONVERSION = YES_AGGRESSIVE;
				CLANG_CXX_LANGUAGE_STANDARD = "gnu++20";
				CLANG_ENABLE_MODULES = YES;
				CLANG_ENABLE_OBJC_ARC = YES;
				CLANG_ENABLE_OBJC_WEAK = YES;
				CLANG_WARN_BLOCK_CAPTURE_AUTORELEASING = YES;
				CLANG_WARN_BOOL_CONVERSION = YES;
				CLANG_WARN_COMMA = YES;
				CLANG_WARN_CONSTANT_CONVERSION = YES;
				CLANG_WARN_DEPRECATED_OBJC_IMPLEMENTATIONS = YES;
				CLANG_WARN_DIRECT_OBJC_ISA_USAGE = YES_ERROR;
				CLANG_WARN_DOCUMENTATION_COMMENTS = YES;
				CLANG_WARN_EMPTY_BODY = YES;
				CLANG_WARN_ENUM_CONVERSION = YES;
				CLANG_WARN_INFINITE_RECURSION = YES;
				CLANG_WARN_INT_CONVERSION = YES;
				CLANG_WARN_NON_LITERAL_NULL_CONVERSION = YES;
				CLANG_WARN_OBJC_IMPLICIT_RETAIN_SELF = YES;
				CLANG_WARN_OBJC_LITERAL_CONVERSION = YES;
				CLANG_WARN_OBJC_ROOT_CLASS = YES_ERROR;
				CLANG_WARN_QUOTED_INCLUDE_IN_FRAMEWORK_HEADER = YES;
				CLANG_WARN_RANGE_LOOP_ANALYSIS = YES;
				CLANG_WARN_STRICT_PROTOTYPES = YES;
				CLANG_WARN_SUSPICIOUS_MOVE = YES;
				CLANG_WARN_UNGUARDED_AVAILABILITY = YES_AGGRESSIVE;
				CLANG_WARN_UNREACHABLE_CODE = YES;
				CLANG_WARN__DUPLICATE_METHOD_MATCH = YES;
				COPY_PHASE_STRIP = NO;
				DEBUG_INFORMATION_FORMAT = dwarf;
				ENABLE_STRICT_OBJC_MSGSEND = YES;
				ENABLE_TESTABILITY = YES;
				ENABLE_USER_SCRIPT_SANDBOXING = YES;
				GCC_C_LANGUAGE_STANDARD = gnu17;
				GCC_DYNAMIC_NO_PIC = NO;
				GCC_NO_COMMON_BLOCKS = YES;
				GCC_OPTIMIZATION_LEVEL = 0;
				GCC_PREPROCESSOR_DEFINITIONS = (
					"DEBUG=1",
					"$(inherited)",
				);
				GCC_WARN_64_TO_32_BIT_CONVERSION = YES;
				GCC_WARN_ABOUT_RETURN_TYPE = YES_ERROR;
				GCC_WARN_UNDECLARED_SELECTOR = YES;
				GCC_WARN_UNINITIALIZED_AUTOS = YES_AGGRESSIVE;
				GCC_WARN_UNUSED_FUNCTION = YES;
				GCC_WARN_UNUSED_VARIABLE = YES;
				LOCALIZATION_PREFERS_STRING_CATALOGS = YES;
				MACOSX_DEPLOYMENT_TARGET = 15.4;
				MTL_ENABLE_DEBUG_INFO = INCLUDE_SOURCE;
				MTL_FAST_MATH = YES;
				ONLY_ACTIVE_ARCH = YES;
				SDKROOT = macosx;
				SWIFT_ACTIVE_COMPILATION_CONDITIONS = "DEBUG $(inherited)";
				SWIFT_OPTIMIZATION_LEVEL = "-Onone";
			};
			name = Debug;
		};
		3F4F68D92E9F722D00876204 /* Release */ = {
			isa = XCBuildConfiguration;
			buildSettings = {
				ALWAYS_SEARCH_USER_PATHS = NO;
				ASSETCATALOG_COMPILER_GENERATE_SWIFT_ASSET_SYMBOL_EXTENSIONS = YES;
				CLANG_ANALYZER_NONNULL = YES;
				CLANG_ANALYZER_NUMBER_OBJECT_CONVERSION = YES_AGGRESSIVE;
				CLANG_CXX_LANGUAGE_STANDARD = "gnu++20";
				CLANG_ENABLE_MODULES = YES;
				CLANG_ENABLE_OBJC_ARC = YES;
				CLANG_ENABLE_OBJC_WEAK = YES;
				CLANG_WARN_BLOCK_CAPTURE_AUTORELEASING = YES;
				CLANG_WARN_BOOL_CONVERSION = YES;
				CLANG_WARN_COMMA = YES;
				CLANG_WARN_CONSTANT_CONVERSION = YES;
				CLANG_WARN_DEPRECATED_OBJC_IMPLEMENTATIONS = YES;
				CLANG_WARN_DIRECT_OBJC_ISA_USAGE = YES_ERROR;
				CLANG_WARN_DOCUMENTATION_COMMENTS = YES;
				CLANG_WARN_EMPTY_BODY = YES;
				CLANG_WARN_ENUM_CONVERSION = YES;
				CLANG_WARN_INFINITE_RECURSION = YES;
				CLANG_WARN_INT_CONVERSION = YES;
				CLANG_WARN_NON_LITERAL_NULL_CONVERSION = YES;
				CLANG_WARN_OBJC_IMPLICIT_RETAIN_SELF = YES;
				CLANG_WARN_OBJC_LITERAL_CONVERSION = YES;
				CLANG_WARN_OBJC_ROOT_CLASS = YES_ERROR;
				CLANG_WARN_QUOTED_INCLUDE_IN_FRAMEWORK_HEADER = YES;
				CLANG_WARN_RANGE_LOOP_ANALYSIS = YES;
				CLANG_WARN_STRICT_PROTOTYPES = YES;
				CLANG_WARN_SUSPICIOUS_MOVE = YES;
				CLANG_WARN_UNGUARDED_AVAILABILITY = YES_AGGRESSIVE;
				CLANG_WARN_UNREACHABLE_CODE = YES;
				CLANG_WARN__DUPLICATE_METHOD_MATCH = YES;
				COPY_PHASE_STRIP = NO;
				DEBUG_INFORMATION_FORMAT = "dwarf-with-dsym";
				ENABLE_NS_ASSERTIONS = NO;
				ENABLE_STRICT_OBJC_MSGSEND = YES;
				ENABLE_USER_SCRIPT_SANDBOXING = YES;
				GCC_C_LANGUAGE_STANDARD = gnu17;
				GCC_NO_COMMON_BLOCKS = YES;
				GCC_WARN_64_TO_32_BIT_CONVERSION = YES;
				GCC_WARN_ABOUT_RETURN_TYPE = YES_ERROR;
				GCC_WARN_UNDECLARED_SELECTOR = YES;
				GCC_WARN_UNINITIALIZED_AUTOS = YES_AGGRESSIVE;
				GCC_WARN_UNUSED_FUNCTION = YES;
				GCC_WARN_UNUSED_VARIABLE = YES;
				LOCALIZATION_PREFERS_STRING_CATALOGS = YES;
				MACOSX_DEPLOYMENT_TARGET = 15.4;
				MTL_ENABLE_DEBUG_INFO = NO;
				MTL_FAST_MATH = YES;
				SDKROOT = macosx;
				SWIFT_COMPILATION_MODE = wholemodule;
			};
			name = Release;
		};
		3F4F68DB2E9F722D00876204 /* Debug */ = {
			isa = XCBuildConfiguration;
			buildSettings = {
				CODE_SIGN_STYLE = Automatic;
				PRODUCT_NAME = "$(TARGET_NAME)";
				SWIFT_VERSION = 5.0;
			};
			name = Debug;
		};
		3F4F68DC2E9F722D00876204 /* Release */ = {
			isa = XCBuildConfiguration;
			buildSettings = {
				CODE_SIGN_STYLE = Automatic;
				PRODUCT_NAME = "$(TARGET_NAME)";
				SWIFT_VERSION = 5.0;
			};
			name = Release;
		};
/* End XCBuildConfiguration section */

/* Begin XCConfigurationList section */
		3F4F68CE2E9F722D00876204 /* Build configuration list for PBXProject "swift Learning" */ = {
			isa = XCConfigurationList;
			buildConfigurations = (
				3F4F68D82E9F722D00876204 /* Debug */,
				3F4F68D92E9F722D00876204 /* Release */,
			);
			defaultConfigurationIsVisible = 0;
			defaultConfigurationName = Release;
		};
		3F4F68DA2E9F722D00876204 /* Build configuration list for PBXNativeTarget "swift Learning" */ = {
			isa = XCConfigurationList;
			buildConfigurations = (
				3F4F68DB2E9F722D00876204 /* Debug */,
				3F4F68DC2E9F722D00876204 /* Release */,
			);
			defaultConfigurationIsVisible = 0;
			defaultConfigurationName = Release;
		};
/* End XCConfigurationList section */
	};
	rootObject = 3F4F68CB2E9F722D00876204 /* Project object */;
}
